
Microsoft Visual Studio Solution File, Format Version 12.00
# Visual Studio Version 17
VisualStudioVersion = 17.0.31903.59
MinimumVisualStudioVersion = 10.0.40219.1
Project("{FAE04EC0-301F-11D3-BF4B-00C04F79EFBC}") = "OnspringAzureADSyncer", "src\OnspringAzureADSyncer.csproj", "{5050623C-DD54-4F6B-A386-24CB2F110193}"
EndProject
Project("{FAE04EC0-301F-11D3-BF4B-00C04F79EFBC}") = "OnspringAzureADSyncerTests", "tests\OnspringAzureADSyncerTests.csproj", "{2481B2FD-957C-447C-BB41-F8D599E79A04}"
EndProject
Global
	GlobalSection(SolutionConfigurationPlatforms) = preSolution
		Debug|Any CPU = Debug|Any CPU
		Release|Any CPU = Release|Any CPU
	EndGlobalSection
	GlobalSection(SolutionProperties) = preSolution
		HideSolutionNode = FALSE
	EndGlobalSection
	GlobalSection(ProjectConfigurationPlatforms) = postSolution
		{5050623C-DD54-4F6B-A386-24CB2F110193}.Debug|Any CPU.ActiveCfg = Debug|Any CPU
		{5050623C-DD54-4F6B-A386-24CB2F110193}.Debug|Any CPU.Build.0 = Debug|Any CPU
		{5050623C-DD54-4F6B-A386-24CB2F110193}.Release|Any CPU.ActiveCfg = Release|Any CPU
		{5050623C-DD54-4F6B-A386-24CB2F110193}.Release|Any CPU.Build.0 = Release|Any CPU
		{2481B2FD-957C-447C-BB41-F8D599E79A04}.Debug|Any CPU.ActiveCfg = Debug|Any CPU
		{2481B2FD-957C-447C-BB41-F8D599E79A04}.Debug|Any CPU.Build.0 = Debug|Any CPU
		{2481B2FD-957C-447C-BB41-F8D599E79A04}.Release|Any CPU.ActiveCfg = Release|Any CPU
		{2481B2FD-957C-447C-BB41-F8D599E79A04}.Release|Any CPU.Build.0 = Release|Any CPU
	EndGlobalSection
EndGlobal
